{
  "name": "integrum-swap",
  "version": "1.0.0",
  "lockfileVersion": 3,
  "requires": true,
  "packages": {
    "": {
      "name": "integrum-swap",
      "version": "1.0.0",
      "license": "ISC",
      "dependencies": {
        "@layerzerolabs/lz-evm-oapp-v2": "^2.3.29",
        "@layerzerolabs/lz-evm-protocol-v2": "^2.3.29",
        "solidity-bytes-utils": "^0.8.2"
      }
    },
    "node_modules/@layerzerolabs/lz-evm-oapp-v2": {
      "version": "2.3.29",
      "resolved": "https://registry.npmjs.org/@layerzerolabs/lz-evm-oapp-v2/-/lz-evm-oapp-v2-2.3.29.tgz",
      "integrity": "sha512-HFuHVCUjZNOjKuhRDBbK2NSGA7sMwFhXRqy0veym9kECDwtHdazLfYmOGhu1amRfomc+eq+KBakJl2XI8njM6Q==",
      "peerDependencies": {
        "@layerzerolabs/lz-evm-messagelib-v2": "^2.3.29",
        "@layerzerolabs/lz-evm-protocol-v2": "^2.3.29",
        "@layerzerolabs/lz-evm-v1-0.7": "^2.3.29",
        "@openzeppelin/contracts": "^4.8.1 || ^5.0.0",
        "@openzeppelin/contracts-upgradeable": "^4.8.1 || ^5.0.0",
        "hardhat-deploy": "^0.11.44",
        "solidity-bytes-utils": "^0.8.0"
      }
    },
    "node_modules/@layerzerolabs/lz-evm-protocol-v2": {
      "version": "2.3.29",
      "resolved": "https://registry.npmjs.org/@layerzerolabs/lz-evm-protocol-v2/-/lz-evm-protocol-v2-2.3.29.tgz",
      "integrity": "sha512-jPQxMkgT88JaJ6zH0PJft1b4nCKe06g0ejWTKtNniSgsgd2qd8Xou6NSmg4tNgZljCfi8SrqWhX7Iz4WIQb2gg==",
      "peerDependencies": {
        "@openzeppelin/contracts": "^4.8.1 || ^5.0.0",
        "@openzeppelin/contracts-upgradeable": "^4.8.1 || ^5.0.0",
        "hardhat-deploy": "^0.11.44",
        "solidity-bytes-utils": "^0.8.0"
      }
    },
    "node_modules/ds-test": {
      "version": "1.0.0",
      "resolved": "git+ssh://git@github.com/dapphub/ds-test.git#e282159d5170298eb2455a6c05280ab5a73a4ef0",
      "license": "GPL-3.0"
    },
    "node_modules/forge-std": {
      "version": "1.1.2",
      "resolved": "https://registry.npmjs.org/forge-std/-/forge-std-1.1.2.tgz",
      "integrity": "sha512-Wfb0iAS9PcfjMKtGpWQw9mXzJxrWD62kJCUqqLcyuI0+VRtJ3j20XembjF3kS20qELYdXft1vD/SPFVWVKMFOw=="
    },
    "node_modules/solidity-bytes-utils": {
      "version": "0.8.2",
      "resolved": "https://registry.npmjs.org/solidity-bytes-utils/-/solidity-bytes-utils-0.8.2.tgz",
      "integrity": "sha512-cqXPYAV2auhpdKSTPuqji0CwpSceZDu95CzqSM/9tDJ2MoMaMsdHTpOIWtVw31BIqqGPNmIChCswzbw0tHaMTw==",
      "dependencies": {
        "ds-test": "github:dapphub/ds-test",
        "forge-std": "^1.1.2"
      }
    }
  }
}
